
Microsoft Visual Studio Solution File, Format Version 12.00
# Visual Studio Version 16
VisualStudioVersion = 16.0.30717.126
MinimumVisualStudioVersion = 15.0.26124.0
Project("{2150E333-8FDC-42A3-9474-1A3956D46DE8}") = "tests", "tests", "{2DE28273-D0C8-420B-8BB2-F3128418B0C9}"
EndProject
Project("{2150E333-8FDC-42A3-9474-1A3956D46DE8}") = "src", "src", "{49A0BA15-3C77-4CBA-90C6-5D119C6CE7AC}"
EndProject
Project("{9A19103F-16F7-4668-BE54-9A1E7A4F7556}") = "Number01", "src\Number01\Number01.csproj", "{D203F883-3E83-4559-99E3-09AE74648049}"
EndProject
Project("{9A19103F-16F7-4668-BE54-9A1E7A4F7556}") = "Number02", "src\Number02\Number02.csproj", "{D64094F1-6E46-4307-AA40-F93EDD4CE012}"
EndProject
Project("{9A19103F-16F7-4668-BE54-9A1E7A4F7556}") = "Number01Tests", "tests\Number01Tests\Number01Tests.csproj", "{D652F5BB-DBFD-444B-B975-77D9113C335C}"
EndProject
Project("{FAE04EC0-301F-11D3-BF4B-00C04F79EFBC}") = "Helper", "src\Helper\Helper.csproj", "{F1DAFCBF-6793-4292-822B-31764490BE4A}"
EndProject
Global
	GlobalSection(SolutionConfigurationPlatforms) = preSolution
		Debug|Any CPU = Debug|Any CPU
		Release|Any CPU = Release|Any CPU
	EndGlobalSection
	GlobalSection(ProjectConfigurationPlatforms) = postSolution
		{D203F883-3E83-4559-99E3-09AE74648049}.Debug|Any CPU.ActiveCfg = Debug|Any CPU
		{D203F883-3E83-4559-99E3-09AE74648049}.Debug|Any CPU.Build.0 = Debug|Any CPU
		{D203F883-3E83-4559-99E3-09AE74648049}.Release|Any CPU.ActiveCfg = Release|Any CPU
		{D203F883-3E83-4559-99E3-09AE74648049}.Release|Any CPU.Build.0 = Release|Any CPU
		{D64094F1-6E46-4307-AA40-F93EDD4CE012}.Debug|Any CPU.ActiveCfg = Debug|Any CPU
		{D64094F1-6E46-4307-AA40-F93EDD4CE012}.Debug|Any CPU.Build.0 = Debug|Any CPU
		{D64094F1-6E46-4307-AA40-F93EDD4CE012}.Release|Any CPU.ActiveCfg = Release|Any CPU
		{D64094F1-6E46-4307-AA40-F93EDD4CE012}.Release|Any CPU.Build.0 = Release|Any CPU
		{D652F5BB-DBFD-444B-B975-77D9113C335C}.Debug|Any CPU.ActiveCfg = Debug|Any CPU
		{D652F5BB-DBFD-444B-B975-77D9113C335C}.Debug|Any CPU.Build.0 = Debug|Any CPU
		{D652F5BB-DBFD-444B-B975-77D9113C335C}.Release|Any CPU.ActiveCfg = Release|Any CPU
		{D652F5BB-DBFD-444B-B975-77D9113C335C}.Release|Any CPU.Build.0 = Release|Any CPU
		{F1DAFCBF-6793-4292-822B-31764490BE4A}.Debug|Any CPU.ActiveCfg = Debug|Any CPU
		{F1DAFCBF-6793-4292-822B-31764490BE4A}.Debug|Any CPU.Build.0 = Debug|Any CPU
		{F1DAFCBF-6793-4292-822B-31764490BE4A}.Release|Any CPU.ActiveCfg = Release|Any CPU
		{F1DAFCBF-6793-4292-822B-31764490BE4A}.Release|Any CPU.Build.0 = Release|Any CPU
	EndGlobalSection
	GlobalSection(SolutionProperties) = preSolution
		HideSolutionNode = FALSE
	EndGlobalSection
	GlobalSection(NestedProjects) = preSolution
		{D203F883-3E83-4559-99E3-09AE74648049} = {49A0BA15-3C77-4CBA-90C6-5D119C6CE7AC}
		{D64094F1-6E46-4307-AA40-F93EDD4CE012} = {49A0BA15-3C77-4CBA-90C6-5D119C6CE7AC}
		{D652F5BB-DBFD-444B-B975-77D9113C335C} = {2DE28273-D0C8-420B-8BB2-F3128418B0C9}
		{F1DAFCBF-6793-4292-822B-31764490BE4A} = {49A0BA15-3C77-4CBA-90C6-5D119C6CE7AC}
	EndGlobalSection
	GlobalSection(ExtensibilityGlobals) = postSolution
		SolutionGuid = {9D087F87-1E4F-4DC6-921D-9862E808BC6B}
	EndGlobalSection
EndGlobal
